
Microsoft Visual Studio Solution File, Format Version 12.00
# Visual Studio Version 17
VisualStudioVersion = 17.9.34701.34
MinimumVisualStudioVersion = 10.0.40219.1
Project("{FAE04EC0-301F-11D3-BF4B-00C04F79EFBC}") = "EmployeeManagement.Api", "EmployeeManagement.Api\EmployeeManagement.Api.csproj", "{8A747C99-1980-4381-869A-D2D7A0E1E535}"
EndProject
Project("{FAE04EC0-301F-11D3-BF4B-00C04F79EFBC}") = "EmployeeManagement.Core", "EmployeeManagement.Core\EmployeeManagement.Core.csproj", "{1BFD166C-9BC3-4CCF-8E62-05A464608D87}"
EndProject
Project("{FAE04EC0-301F-11D3-BF4B-00C04F79EFBC}") = "EmployeeManagement.Database", "EmployeeManagement.Database\EmployeeManagement.Database.csproj", "{8B312AB1-0352-48A3-98F9-24D6CF520519}"
EndProject
Global
	GlobalSection(SolutionConfigurationPlatforms) = preSolution
		Debug|Any CPU = Debug|Any CPU
		Release|Any CPU = Release|Any CPU
	EndGlobalSection
	GlobalSection(ProjectConfigurationPlatforms) = postSolution
		{8A747C99-1980-4381-869A-D2D7A0E1E535}.Debug|Any CPU.ActiveCfg = Debug|Any CPU
		{8A747C99-1980-4381-869A-D2D7A0E1E535}.Debug|Any CPU.Build.0 = Debug|Any CPU
		{8A747C99-1980-4381-869A-D2D7A0E1E535}.Release|Any CPU.ActiveCfg = Release|Any CPU
		{8A747C99-1980-4381-869A-D2D7A0E1E535}.Release|Any CPU.Build.0 = Release|Any CPU
		{1BFD166C-9BC3-4CCF-8E62-05A464608D87}.Debug|Any CPU.ActiveCfg = Debug|Any CPU
		{1BFD166C-9BC3-4CCF-8E62-05A464608D87}.Debug|Any CPU.Build.0 = Debug|Any CPU
		{1BFD166C-9BC3-4CCF-8E62-05A464608D87}.Release|Any CPU.ActiveCfg = Release|Any CPU
		{1BFD166C-9BC3-4CCF-8E62-05A464608D87}.Release|Any CPU.Build.0 = Release|Any CPU
		{8B312AB1-0352-48A3-98F9-24D6CF520519}.Debug|Any CPU.ActiveCfg = Debug|Any CPU
		{8B312AB1-0352-48A3-98F9-24D6CF520519}.Debug|Any CPU.Build.0 = Debug|Any CPU
		{8B312AB1-0352-48A3-98F9-24D6CF520519}.Release|Any CPU.ActiveCfg = Release|Any CPU
		{8B312AB1-0352-48A3-98F9-24D6CF520519}.Release|Any CPU.Build.0 = Release|Any CPU
	EndGlobalSection
	GlobalSection(SolutionProperties) = preSolution
		HideSolutionNode = FALSE
	EndGlobalSection
	GlobalSection(ExtensibilityGlobals) = postSolution
		SolutionGuid = {9526BB15-F0CF-46CD-9B6B-2D180E9E0EBD}
	EndGlobalSection
EndGlobal
